
Microsoft Visual Studio Solution File, Format Version 12.00
# Visual Studio Version 16
VisualStudioVersion = 16.0.30709.132
MinimumVisualStudioVersion = 10.0.40219.1
Project("{9A19103F-16F7-4668-BE54-9A1E7A4F7556}") = "Rasadnik.Server", "Rasadnik\Server\Rasadnik.Server.csproj", "{55F4B95D-6367-49B2-BE10-5CF567BE3D03}"
EndProject
Project("{9A19103F-16F7-4668-BE54-9A1E7A4F7556}") = "Rasadnik.Client", "Rasadnik\Client\Rasadnik.Client.csproj", "{97051A5B-C09A-425A-9441-2521D2E614E6}"
EndProject
Project("{9A19103F-16F7-4668-BE54-9A1E7A4F7556}") = "Rasadnik.Shared", "Rasadnik\Shared\Rasadnik.Shared.csproj", "{2660B3AA-8504-4475-B28C-9E7D18B0BD3C}"
EndProject
Global
	GlobalSection(SolutionConfigurationPlatforms) = preSolution
		Debug|Any CPU = Debug|Any CPU
		Release|Any CPU = Release|Any CPU
	EndGlobalSection
	GlobalSection(ProjectConfigurationPlatforms) = postSolution
		{55F4B95D-6367-49B2-BE10-5CF567BE3D03}.Debug|Any CPU.ActiveCfg = Debug|Any CPU
		{55F4B95D-6367-49B2-BE10-5CF567BE3D03}.Debug|Any CPU.Build.0 = Debug|Any CPU
		{55F4B95D-6367-49B2-BE10-5CF567BE3D03}.Release|Any CPU.ActiveCfg = Release|Any CPU
		{55F4B95D-6367-49B2-BE10-5CF567BE3D03}.Release|Any CPU.Build.0 = Release|Any CPU
		{97051A5B-C09A-425A-9441-2521D2E614E6}.Debug|Any CPU.ActiveCfg = Debug|Any CPU
		{97051A5B-C09A-425A-9441-2521D2E614E6}.Debug|Any CPU.Build.0 = Debug|Any CPU
		{97051A5B-C09A-425A-9441-2521D2E614E6}.Release|Any CPU.ActiveCfg = Release|Any CPU
		{97051A5B-C09A-425A-9441-2521D2E614E6}.Release|Any CPU.Build.0 = Release|Any CPU
		{2660B3AA-8504-4475-B28C-9E7D18B0BD3C}.Debug|Any CPU.ActiveCfg = Debug|Any CPU
		{2660B3AA-8504-4475-B28C-9E7D18B0BD3C}.Debug|Any CPU.Build.0 = Debug|Any CPU
		{2660B3AA-8504-4475-B28C-9E7D18B0BD3C}.Release|Any CPU.ActiveCfg = Release|Any CPU
		{2660B3AA-8504-4475-B28C-9E7D18B0BD3C}.Release|Any CPU.Build.0 = Release|Any CPU
	EndGlobalSection
	GlobalSection(SolutionProperties) = preSolution
		HideSolutionNode = FALSE
	EndGlobalSection
	GlobalSection(ExtensibilityGlobals) = postSolution
		SolutionGuid = {600CACBD-31E4-4272-9397-63DDAB4DD4DB}
	EndGlobalSection
EndGlobal
